
Microsoft Visual Studio Solution File, Format Version 12.00
# Visual Studio Version 16
VisualStudioVersion = 16.0.30225.117
MinimumVisualStudioVersion = 10.0.40219.1
Project("{FAE04EC0-301F-11D3-BF4B-00C04F79EFBC}") = "eShopSolution.WebApp", "eShopSolution.WebApp\eShopSolution.WebApp.csproj", "{E54EF88C-8A2E-486E-BEFE-6266E2907B13}"
EndProject
Project("{2150E333-8FDC-42A3-9474-1A3956D46DE8}") = "Solution Items", "Solution Items", "{A8058E02-8DFD-476C-8688-1A2598C43041}"
	ProjectSection(SolutionItems) = preProject
		README.md = README.md
	EndProjectSection
EndProject
Project("{FAE04EC0-301F-11D3-BF4B-00C04F79EFBC}") = "eShopSolution.Application", "eShopSolution.Application\eShopSolution.Application.csproj", "{8B5C5C51-5C68-4E2B-B60F-F01DF4A5B4A9}"
EndProject
Global
	GlobalSection(SolutionConfigurationPlatforms) = preSolution
		Debug|Any CPU = Debug|Any CPU
		Release|Any CPU = Release|Any CPU
	EndGlobalSection
	GlobalSection(ProjectConfigurationPlatforms) = postSolution
		{E54EF88C-8A2E-486E-BEFE-6266E2907B13}.Debug|Any CPU.ActiveCfg = Debug|Any CPU
		{E54EF88C-8A2E-486E-BEFE-6266E2907B13}.Debug|Any CPU.Build.0 = Debug|Any CPU
		{E54EF88C-8A2E-486E-BEFE-6266E2907B13}.Release|Any CPU.ActiveCfg = Release|Any CPU
		{E54EF88C-8A2E-486E-BEFE-6266E2907B13}.Release|Any CPU.Build.0 = Release|Any CPU
		{8B5C5C51-5C68-4E2B-B60F-F01DF4A5B4A9}.Debug|Any CPU.ActiveCfg = Debug|Any CPU
		{8B5C5C51-5C68-4E2B-B60F-F01DF4A5B4A9}.Debug|Any CPU.Build.0 = Debug|Any CPU
		{8B5C5C51-5C68-4E2B-B60F-F01DF4A5B4A9}.Release|Any CPU.ActiveCfg = Release|Any CPU
		{8B5C5C51-5C68-4E2B-B60F-F01DF4A5B4A9}.Release|Any CPU.Build.0 = Release|Any CPU
	EndGlobalSection
	GlobalSection(SolutionProperties) = preSolution
		HideSolutionNode = FALSE
	EndGlobalSection
	GlobalSection(ExtensibilityGlobals) = postSolution
		SolutionGuid = {B32CAF85-7CD6-4F2B-8268-DAB36A27C0E6}
	EndGlobalSection
EndGlobal
